
Microsoft Visual Studio Solution File, Format Version 12.00
# Visual Studio Version 16
VisualStudioVersion = 16.0.30225.117
MinimumVisualStudioVersion = 10.0.40219.1
Project("{FAE04EC0-301F-11D3-BF4B-00C04F79EFBC}") = "Events", "Events\Events.csproj", "{D1F1E445-65FB-4A29-8365-2EA5A9DE1669}"
EndProject
Global
	GlobalSection(SolutionConfigurationPlatforms) = preSolution
		Debug|Any CPU = Debug|Any CPU
		Release|Any CPU = Release|Any CPU
	EndGlobalSection
	GlobalSection(ProjectConfigurationPlatforms) = postSolution
		{D1F1E445-65FB-4A29-8365-2EA5A9DE1669}.Debug|Any CPU.ActiveCfg = Debug|Any CPU
		{D1F1E445-65FB-4A29-8365-2EA5A9DE1669}.Debug|Any CPU.Build.0 = Debug|Any CPU
		{D1F1E445-65FB-4A29-8365-2EA5A9DE1669}.Release|Any CPU.ActiveCfg = Release|Any CPU
		{D1F1E445-65FB-4A29-8365-2EA5A9DE1669}.Release|Any CPU.Build.0 = Release|Any CPU
	EndGlobalSection
	GlobalSection(SolutionProperties) = preSolution
		HideSolutionNode = FALSE
	EndGlobalSection
	GlobalSection(ExtensibilityGlobals) = postSolution
		SolutionGuid = {0D54ED52-773E-4056-ACD7-D587FCB0BDBC}
	EndGlobalSection
EndGlobal
